
Microsoft Visual Studio Solution File, Format Version 12.00
# Visual Studio Version 17
VisualStudioVersion = 17.4.33927.135
MinimumVisualStudioVersion = 10.0.40219.1
Project("{FAE04EC0-301F-11D3-BF4B-00C04F79EFBC}") = "RPBNetUnity", "RPBNetUnity\RPBNetUnity.csproj", "{D80E7798-DB99-4B6C-8F1F-4482EDF457A8}"
EndProject
Global
	GlobalSection(SolutionConfigurationPlatforms) = preSolution
		Debug|Any CPU = Debug|Any CPU
		Release|Any CPU = Release|Any CPU
	EndGlobalSection
	GlobalSection(ProjectConfigurationPlatforms) = postSolution
		{D80E7798-DB99-4B6C-8F1F-4482EDF457A8}.Debug|Any CPU.ActiveCfg = Debug|Any CPU
		{D80E7798-DB99-4B6C-8F1F-4482EDF457A8}.Debug|Any CPU.Build.0 = Debug|Any CPU
		{D80E7798-DB99-4B6C-8F1F-4482EDF457A8}.Release|Any CPU.ActiveCfg = Release|Any CPU
		{D80E7798-DB99-4B6C-8F1F-4482EDF457A8}.Release|Any CPU.Build.0 = Release|Any CPU
	EndGlobalSection
	GlobalSection(SolutionProperties) = preSolution
		HideSolutionNode = FALSE
	EndGlobalSection
	GlobalSection(ExtensibilityGlobals) = postSolution
		SolutionGuid = {01DEA3EB-350F-47A5-8DA4-DFDD24636242}
	EndGlobalSection
EndGlobal
